# This file was autogenerated by Stack.
# You should not edit this file by hand.
# For more information, please see the documentation at:
#   https://docs.haskellstack.org/en/stable/lock_files

packages:
- completed:
    name: duckling
    version: 0.1.6.1
    git: https://github.com/facebook/duckling.git
    pantry-tree:
      size: 72673
      sha256: c88d1983aecb86ac4f06c48440ab176a6875436ae7d0768db7daef92a1290afa
    commit: a93cae1c02c28c51e5bce1f03132a211bbda7dce
  original:
    git: https://github.com/facebook/duckling.git
    commit: a93cae1c02c28c51e5bce1f03132a211bbda7dce
- completed:
    subdir: haskell
    name: curryrs
    version: 0.2.0
    git: https://github.com/andfoy/curryrs.git
    pantry-tree:
      size: 971
      sha256: 5df16e7cff5841cf8f9c3f489988c6c25c03efb5c9c99155776bab118c0652cf
    commit: 44da82c04036474802f4c1358d04e91adc40d1d9
  original:
    subdir: haskell
    git: https://github.com/andfoy/curryrs.git
    commit: 44da82c04036474802f4c1358d04e91adc40d1d9
- completed:
    hackage: text-1.2.2.2@sha256:4bf721f14931bef123aa9b122d18bceec3e9c5f141b9a8c9f3d4b933f851e435,6002
    pantry-tree:
      size: 7376
      sha256: 83347d7a4ae34dc4e5d12dda06b22c0690d6186894da863ce574e71e4b72e738
  original:
    hackage: text-1.2.2.2
- completed:
    hackage: bytestring-0.10.8.1@sha256:ba427593b1c6a427aeb69622a0802ad2abb4ee3d4f586e1693036d3f0fcfe391,8921
    pantry-tree:
      size: 2788
      sha256: 97850196e2d9cba1912fd052b3fe3fc4f3167c934afe2fb18ad79d68a6160b66
  original:
    hackage: bytestring-0.10.8.1
snapshots:
- completed:
    size: 535263
    url: https://raw.githubusercontent.com/commercialhaskell/stackage-snapshots/master/lts/9/10.yaml
    sha256: ba6ba39d048b5a2054142209f00e7e456e30081c03ea72b6135983633b234535
  original: lts-9.10
